
Microsoft Visual Studio Solution File, Format Version 12.00
# Visual Studio Version 16
VisualStudioVersion = 16.0.30413.136
MinimumVisualStudioVersion = 15.0.26124.0
Project("{2150E333-8FDC-42A3-9474-1A3956D46DE8}") = "src", "src", "{A8AEA7A7-5A64-4804-8949-B287F1E39267}"
EndProject
Project("{9A19103F-16F7-4668-BE54-9A1E7A4F7556}") = "Pdb.Specifications", "src\Pdb.Specifications\Pdb.Specifications.csproj", "{E30E9785-48F2-4C5C-8667-697E7144FCD3}"
EndProject
Project("{2150E333-8FDC-42A3-9474-1A3956D46DE8}") = "Solution Items", "Solution Items", "{7F60653E-E734-439A-8283-7F83033560B2}"
	ProjectSection(SolutionItems) = preProject
		.editorconfig = .editorconfig
		.gitignore = .gitignore
		README.md = README.md
	EndProjectSection
EndProject
Global
	GlobalSection(SolutionConfigurationPlatforms) = preSolution
		Debug|Any CPU = Debug|Any CPU
		Debug|x64 = Debug|x64
		Debug|x86 = Debug|x86
		Release|Any CPU = Release|Any CPU
		Release|x64 = Release|x64
		Release|x86 = Release|x86
	EndGlobalSection
	GlobalSection(ProjectConfigurationPlatforms) = postSolution
		{E30E9785-48F2-4C5C-8667-697E7144FCD3}.Debug|Any CPU.ActiveCfg = Debug|Any CPU
		{E30E9785-48F2-4C5C-8667-697E7144FCD3}.Debug|Any CPU.Build.0 = Debug|Any CPU
		{E30E9785-48F2-4C5C-8667-697E7144FCD3}.Debug|x64.ActiveCfg = Debug|Any CPU
		{E30E9785-48F2-4C5C-8667-697E7144FCD3}.Debug|x64.Build.0 = Debug|Any CPU
		{E30E9785-48F2-4C5C-8667-697E7144FCD3}.Debug|x86.ActiveCfg = Debug|Any CPU
		{E30E9785-48F2-4C5C-8667-697E7144FCD3}.Debug|x86.Build.0 = Debug|Any CPU
		{E30E9785-48F2-4C5C-8667-697E7144FCD3}.Release|Any CPU.ActiveCfg = Release|Any CPU
		{E30E9785-48F2-4C5C-8667-697E7144FCD3}.Release|Any CPU.Build.0 = Release|Any CPU
		{E30E9785-48F2-4C5C-8667-697E7144FCD3}.Release|x64.ActiveCfg = Release|Any CPU
		{E30E9785-48F2-4C5C-8667-697E7144FCD3}.Release|x64.Build.0 = Release|Any CPU
		{E30E9785-48F2-4C5C-8667-697E7144FCD3}.Release|x86.ActiveCfg = Release|Any CPU
		{E30E9785-48F2-4C5C-8667-697E7144FCD3}.Release|x86.Build.0 = Release|Any CPU
	EndGlobalSection
	GlobalSection(SolutionProperties) = preSolution
		HideSolutionNode = FALSE
	EndGlobalSection
	GlobalSection(NestedProjects) = preSolution
		{E30E9785-48F2-4C5C-8667-697E7144FCD3} = {A8AEA7A7-5A64-4804-8949-B287F1E39267}
	EndGlobalSection
	GlobalSection(ExtensibilityGlobals) = postSolution
		SolutionGuid = {E3C25737-7C73-4078-B789-79ED657C42CC}
	EndGlobalSection
EndGlobal
